
Microsoft Visual Studio Solution File, Format Version 12.00
# Visual Studio Version 17
VisualStudioVersion = 17.12.35707.178
MinimumVisualStudioVersion = 10.0.40219.1
Project("{FAE04EC0-301F-11D3-BF4B-00C04F79EFBC}") = "TermProject", "TermProject\TermProject.csproj", "{A6E58DC2-5189-4599-BAA4-5DF2782BAC06}"
EndProject
Project("{FAE04EC0-301F-11D3-BF4B-00C04F79EFBC}") = "WebClient", "..\WebClient\WebClient\WebClient.csproj", "{44DD7AC7-92F5-4A99-B68F-9356543220A7}"
EndProject
Global
	GlobalSection(SolutionConfigurationPlatforms) = preSolution
		Debug|Any CPU = Debug|Any CPU
		Release|Any CPU = Release|Any CPU
	EndGlobalSection
	GlobalSection(ProjectConfigurationPlatforms) = postSolution
		{A6E58DC2-5189-4599-BAA4-5DF2782BAC06}.Debug|Any CPU.ActiveCfg = Debug|Any CPU
		{A6E58DC2-5189-4599-BAA4-5DF2782BAC06}.Debug|Any CPU.Build.0 = Debug|Any CPU
		{A6E58DC2-5189-4599-BAA4-5DF2782BAC06}.Release|Any CPU.ActiveCfg = Release|Any CPU
		{A6E58DC2-5189-4599-BAA4-5DF2782BAC06}.Release|Any CPU.Build.0 = Release|Any CPU
		{44DD7AC7-92F5-4A99-B68F-9356543220A7}.Debug|Any CPU.ActiveCfg = Debug|Any CPU
		{44DD7AC7-92F5-4A99-B68F-9356543220A7}.Debug|Any CPU.Build.0 = Debug|Any CPU
		{44DD7AC7-92F5-4A99-B68F-9356543220A7}.Release|Any CPU.ActiveCfg = Release|Any CPU
		{44DD7AC7-92F5-4A99-B68F-9356543220A7}.Release|Any CPU.Build.0 = Release|Any CPU
	EndGlobalSection
	GlobalSection(SolutionProperties) = preSolution
		HideSolutionNode = FALSE
	EndGlobalSection
EndGlobal
